
Microsoft Visual Studio Solution File, Format Version 12.00
Project("{2150E333-8FDC-42A3-9474-1A3956D46DE8}") = "Console.Application", "Console.Application", "{F8C42C17-0078-40FE-8D95-8559EFA0E61D}"
EndProject
Project("{FAE04EC0-301F-11D3-BF4B-00C04F79EFBC}") = "Console.Application", "Console.Application\Console.Application.csproj", "{55BA0A6D-6944-4F4C-9A67-12B3FF02E7DA}"
EndProject
Project("{2150E333-8FDC-42A3-9474-1A3956D46DE8}") = "AspNetCore.Application", "AspNetCore.Application", "{A6E03A30-6049-4995-9825-A6DFECF1BF87}"
EndProject
Project("{FAE04EC0-301F-11D3-BF4B-00C04F79EFBC}") = "AspNetCore.Application", "AspNetCore.Application\AspNetCore.Application.csproj", "{0BECE59C-DA4C-4EBF-AC76-7F43D35F2300}"
EndProject
Project("{2150E333-8FDC-42A3-9474-1A3956D46DE8}") = "Message.Broker.Scenario", "Message.Broker.Scenario", "{48F8099A-A624-4475-A067-1C1121B23AFD}"
EndProject
Project("{2150E333-8FDC-42A3-9474-1A3956D46DE8}") = "Consumer", "Consumer", "{E2B85551-1D49-4283-A653-664801CD48BF}"
EndProject
Project("{2150E333-8FDC-42A3-9474-1A3956D46DE8}") = "Publisher", "Publisher", "{59BFE547-FA52-4964-A9B9-3D79562C67AC}"
EndProject
Project("{2150E333-8FDC-42A3-9474-1A3956D46DE8}") = "Shared", "Shared", "{E9F82F1F-6183-4BA3-AA34-F8B524E3AC24}"
EndProject
Project("{FAE04EC0-301F-11D3-BF4B-00C04F79EFBC}") = "Consumer", "Consumer\Consumer.csproj", "{AD4B21CF-F90F-4C68-BC52-A9F4C7399CF1}"
EndProject
Project("{FAE04EC0-301F-11D3-BF4B-00C04F79EFBC}") = "Publisher", "Publisher\Publisher.csproj", "{14153B48-06FB-4C64-9414-DDD63713945A}"
EndProject
Project("{FAE04EC0-301F-11D3-BF4B-00C04F79EFBC}") = "Shared", "Shared\Shared.csproj", "{EE5D534C-5839-4EAA-8817-E18CB3CD5440}"
EndProject
Global
	GlobalSection(SolutionConfigurationPlatforms) = preSolution
		Debug|Any CPU = Debug|Any CPU
		Release|Any CPU = Release|Any CPU
	EndGlobalSection
	GlobalSection(NestedProjects) = preSolution
		{55BA0A6D-6944-4F4C-9A67-12B3FF02E7DA} = {F8C42C17-0078-40FE-8D95-8559EFA0E61D}
		{0BECE59C-DA4C-4EBF-AC76-7F43D35F2300} = {A6E03A30-6049-4995-9825-A6DFECF1BF87}
		{E2B85551-1D49-4283-A653-664801CD48BF} = {48F8099A-A624-4475-A067-1C1121B23AFD}
		{59BFE547-FA52-4964-A9B9-3D79562C67AC} = {48F8099A-A624-4475-A067-1C1121B23AFD}
		{E9F82F1F-6183-4BA3-AA34-F8B524E3AC24} = {48F8099A-A624-4475-A067-1C1121B23AFD}
		{AD4B21CF-F90F-4C68-BC52-A9F4C7399CF1} = {E2B85551-1D49-4283-A653-664801CD48BF}
		{14153B48-06FB-4C64-9414-DDD63713945A} = {59BFE547-FA52-4964-A9B9-3D79562C67AC}
		{EE5D534C-5839-4EAA-8817-E18CB3CD5440} = {E9F82F1F-6183-4BA3-AA34-F8B524E3AC24}
	EndGlobalSection
	GlobalSection(ProjectConfigurationPlatforms) = postSolution
		{55BA0A6D-6944-4F4C-9A67-12B3FF02E7DA}.Debug|Any CPU.ActiveCfg = Debug|Any CPU
		{55BA0A6D-6944-4F4C-9A67-12B3FF02E7DA}.Debug|Any CPU.Build.0 = Debug|Any CPU
		{55BA0A6D-6944-4F4C-9A67-12B3FF02E7DA}.Release|Any CPU.ActiveCfg = Release|Any CPU
		{55BA0A6D-6944-4F4C-9A67-12B3FF02E7DA}.Release|Any CPU.Build.0 = Release|Any CPU
		{0BECE59C-DA4C-4EBF-AC76-7F43D35F2300}.Debug|Any CPU.ActiveCfg = Debug|Any CPU
		{0BECE59C-DA4C-4EBF-AC76-7F43D35F2300}.Debug|Any CPU.Build.0 = Debug|Any CPU
		{0BECE59C-DA4C-4EBF-AC76-7F43D35F2300}.Release|Any CPU.ActiveCfg = Release|Any CPU
		{0BECE59C-DA4C-4EBF-AC76-7F43D35F2300}.Release|Any CPU.Build.0 = Release|Any CPU
		{AD4B21CF-F90F-4C68-BC52-A9F4C7399CF1}.Debug|Any CPU.ActiveCfg = Debug|Any CPU
		{AD4B21CF-F90F-4C68-BC52-A9F4C7399CF1}.Debug|Any CPU.Build.0 = Debug|Any CPU
		{AD4B21CF-F90F-4C68-BC52-A9F4C7399CF1}.Release|Any CPU.ActiveCfg = Release|Any CPU
		{AD4B21CF-F90F-4C68-BC52-A9F4C7399CF1}.Release|Any CPU.Build.0 = Release|Any CPU
		{14153B48-06FB-4C64-9414-DDD63713945A}.Debug|Any CPU.ActiveCfg = Debug|Any CPU
		{14153B48-06FB-4C64-9414-DDD63713945A}.Debug|Any CPU.Build.0 = Debug|Any CPU
		{14153B48-06FB-4C64-9414-DDD63713945A}.Release|Any CPU.ActiveCfg = Release|Any CPU
		{14153B48-06FB-4C64-9414-DDD63713945A}.Release|Any CPU.Build.0 = Release|Any CPU
		{EE5D534C-5839-4EAA-8817-E18CB3CD5440}.Debug|Any CPU.ActiveCfg = Debug|Any CPU
		{EE5D534C-5839-4EAA-8817-E18CB3CD5440}.Debug|Any CPU.Build.0 = Debug|Any CPU
		{EE5D534C-5839-4EAA-8817-E18CB3CD5440}.Release|Any CPU.ActiveCfg = Release|Any CPU
		{EE5D534C-5839-4EAA-8817-E18CB3CD5440}.Release|Any CPU.Build.0 = Release|Any CPU
	EndGlobalSection
EndGlobal
